Microsoft Visual Studio Solution File, Format Version 12.00
# Visual Studio Version 17
VisualStudioVersion = 17.13.35806.99
MinimumVisualStudioVersion = 10.0.40219.1
Project("{FAE04EC0-301F-11D3-BF4B-00C04F79EFBC}") = "Login_Form", "Login_Form.csproj", "{386E4D80-097A-44AC-991C-5E4F4ACF8E30}"
EndProject
Global
	GlobalSection(SolutionConfigurationPlatforms) = preSolution
		Debug|Any CPU = Debug|Any CPU
		Release|Any CPU = Release|Any CPU
	EndGlobalSection
	GlobalSection(ProjectConfigurationPlatforms) = postSolution
		{386E4D80-097A-44AC-991C-5E4F4ACF8E30}.Debug|Any CPU.ActiveCfg = Debug|Any CPU
		{386E4D80-097A-44AC-991C-5E4F4ACF8E30}.Debug|Any CPU.Build.0 = Debug|Any CPU
		{386E4D80-097A-44AC-991C-5E4F4ACF8E30}.Release|Any CPU.ActiveCfg = Release|Any CPU
		{386E4D80-097A-44AC-991C-5E4F4ACF8E30}.Release|Any CPU.Build.0 = Release|Any CPU
	EndGlobalSection
	GlobalSection(SolutionProperties) = preSolution
		HideSolutionNode = FALSE
	EndGlobalSection
	GlobalSection(ExtensibilityGlobals) = postSolution
		SolutionGuid = {2251E7DC-5E02-4FA9-B9C5-2020E5622BD0}
	EndGlobalSection
EndGlobal
